
Microsoft Visual Studio Solution File, Format Version 12.00
# Visual Studio 2012
# SharpDevelop 5.1
VisualStudioVersion = 14.0.24720.0
MinimumVisualStudioVersion = 10.0.40219.1
Project("{FAE04EC0-301F-11D3-BF4B-00C04F79EFBC}") = "Urchin", "Urchin.csproj", "{2873E769-D9FD-4D80-B316-A12299C51631}"
EndProject
Project("{FAE04EC0-301F-11D3-BF4B-00C04F79EFBC}") = "UrchinTester", "..\UrchinTester\UrchinTester.csproj", "{6728D15E-E5C8-4766-A853-B51272F54ABC}"
EndProject
Global
	GlobalSection(SolutionConfigurationPlatforms) = preSolution
		Debug|Any CPU = Debug|Any CPU
		Release|Any CPU = Release|Any CPU
	EndGlobalSection
	GlobalSection(ProjectConfigurationPlatforms) = postSolution
		{2873E769-D9FD-4D80-B316-A12299C51631}.Debug|Any CPU.ActiveCfg = Debug|Any CPU
		{2873E769-D9FD-4D80-B316-A12299C51631}.Debug|Any CPU.Build.0 = Debug|Any CPU
		{2873E769-D9FD-4D80-B316-A12299C51631}.Release|Any CPU.ActiveCfg = Release|Any CPU
		{2873E769-D9FD-4D80-B316-A12299C51631}.Release|Any CPU.Build.0 = Release|Any CPU
		{6728D15E-E5C8-4766-A853-B51272F54ABC}.Debug|Any CPU.ActiveCfg = Debug|Any CPU
		{6728D15E-E5C8-4766-A853-B51272F54ABC}.Debug|Any CPU.Build.0 = Debug|Any CPU
		{6728D15E-E5C8-4766-A853-B51272F54ABC}.Release|Any CPU.ActiveCfg = Release|Any CPU
		{6728D15E-E5C8-4766-A853-B51272F54ABC}.Release|Any CPU.Build.0 = Release|Any CPU
	EndGlobalSection
	GlobalSection(SolutionProperties) = preSolution
		HideSolutionNode = FALSE
	EndGlobalSection
EndGlobal
